
Microsoft Visual Studio Solution File, Format Version 12.00
# Visual Studio Version 17
VisualStudioVersion = 17.10.34818.151
MinimumVisualStudioVersion = 10.0.40219.1
Project("{FAE04EC0-301F-11D3-BF4B-00C04F79EFBC}") = "Football-App", "Football-App.csproj", "{3F4B8355-EBFE-41F8-A851-5EAC0E49367D}"
EndProject
Global
	GlobalSection(SolutionConfigurationPlatforms) = preSolution
		Debug|Any CPU = Debug|Any CPU
		Release|Any CPU = Release|Any CPU
	EndGlobalSection
	GlobalSection(ProjectConfigurationPlatforms) = postSolution
		{3F4B8355-EBFE-41F8-A851-5EAC0E49367D}.Debug|Any CPU.ActiveCfg = Debug|Any CPU
		{3F4B8355-EBFE-41F8-A851-5EAC0E49367D}.Debug|Any CPU.Build.0 = Debug|Any CPU
		{3F4B8355-EBFE-41F8-A851-5EAC0E49367D}.Debug|Any CPU.Deploy.0 = Debug|Any CPU
		{3F4B8355-EBFE-41F8-A851-5EAC0E49367D}.Release|Any CPU.ActiveCfg = Release|Any CPU
		{3F4B8355-EBFE-41F8-A851-5EAC0E49367D}.Release|Any CPU.Build.0 = Release|Any CPU
		{3F4B8355-EBFE-41F8-A851-5EAC0E49367D}.Release|Any CPU.Deploy.0 = Release|Any CPU
	EndGlobalSection
	GlobalSection(SolutionProperties) = preSolution
		HideSolutionNode = FALSE
	EndGlobalSection
	GlobalSection(ExtensibilityGlobals) = postSolution
		SolutionGuid = {0F9E666B-F47B-497B-9E8D-4B0B1E1CC264}
	EndGlobalSection
EndGlobal
